
Microsoft Visual Studio Solution File, Format Version 11.00
# Visual Studio 2010
Project("{FAE04EC0-301F-11D3-BF4B-00C04F79EFBC}") = "UnityGameFramework.Runtime", "UnityGameFramework.Runtime.csproj", "{76b5a940-e855-a48d-3b0a-aa2d9ea6e9a5}"
EndProject
Project("{FAE04EC0-301F-11D3-BF4B-00C04F79EFBC}") = "GameFramework", "GameFramework.csproj", "{101794ce-3295-4fc6-9929-009fdc35ee5d}"
EndProject
Project("{FAE04EC0-301F-11D3-BF4B-00C04F79EFBC}") = "Builtin.Runtime", "Builtin.Runtime.csproj", "{09159761-1cd5-ed9d-6a8e-d32e5e7d79a2}"
EndProject
Project("{FAE04EC0-301F-11D3-BF4B-00C04F79EFBC}") = "UniTask.Linq", "UniTask.Linq.csproj", "{b7698752-4599-40cc-6dce-99ea8b9b138e}"
EndProject
Project("{FAE04EC0-301F-11D3-BF4B-00C04F79EFBC}") = "UnityGameFramework.Editor", "UnityGameFramework.Editor.csproj", "{1fd92f4e-f5a0-8f95-e9ff-2dc55ecce1ee}"
EndProject
Project("{FAE04EC0-301F-11D3-BF4B-00C04F79EFBC}") = "ZString", "ZString.csproj", "{855f1679-a504-99cf-0a12-b695e4867270}"
EndProject
Project("{FAE04EC0-301F-11D3-BF4B-00C04F79EFBC}") = "DOTween.Extension", "DOTween.Extension.csproj", "{2c9c9c4c-7348-9e44-2bd1-82cc13255841}"
EndProject
Project("{FAE04EC0-301F-11D3-BF4B-00C04F79EFBC}") = "UniTask", "UniTask.csproj", "{b49d7349-0051-25e8-207c-31afcc4dbdf5}"
EndProject
Project("{FAE04EC0-301F-11D3-BF4B-00C04F79EFBC}") = "Hotfix", "Hotfix.csproj", "{a18bae49-5a0b-11b6-8ac5-729f276e6ca6}"
EndProject
Project("{FAE04EC0-301F-11D3-BF4B-00C04F79EFBC}") = "Assembly-CSharp-Editor", "Assembly-CSharp-Editor.csproj", "{4039db95-2336-a9ae-f07a-75cd8a3bff68}"
EndProject
Project("{FAE04EC0-301F-11D3-BF4B-00C04F79EFBC}") = "UniTask.Addressables", "UniTask.Addressables.csproj", "{fc8aa86d-6517-874a-0a11-3f5e120b556b}"
EndProject
Project("{FAE04EC0-301F-11D3-BF4B-00C04F79EFBC}") = "UniTask.TextMeshPro", "UniTask.TextMeshPro.csproj", "{2c28711c-0ebd-8fbd-ff10-c5f005bb5efb}"
EndProject
Project("{FAE04EC0-301F-11D3-BF4B-00C04F79EFBC}") = "Assembly-CSharp", "Assembly-CSharp.csproj", "{cb87dd55-d9d1-b8d4-5b0b-902f6612d496}"
EndProject
Project("{FAE04EC0-301F-11D3-BF4B-00C04F79EFBC}") = "UniTask.DOTween", "UniTask.DOTween.csproj", "{98c77608-0dca-ff1d-a9ec-b3b3b05d050d}"
EndProject
Project("{FAE04EC0-301F-11D3-BF4B-00C04F79EFBC}") = "UniTask.Editor", "UniTask.Editor.csproj", "{166381a4-e91e-f511-c097-58f542f0b991}"
EndProject
Project("{FAE04EC0-301F-11D3-BF4B-00C04F79EFBC}") = "Assembly-CSharp-firstpass", "Assembly-CSharp-firstpass.csproj", "{873b6fa6-adb2-9cab-0630-eabe71f4e211}"
EndProject
Global
	GlobalSection(SolutionConfigurationPlatforms) = preSolution
		Debug|Any CPU = Debug|Any CPU
	EndGlobalSection
	GlobalSection(ProjectConfigurationPlatforms) = postSolution
		{76b5a940-e855-a48d-3b0a-aa2d9ea6e9a5}.Debug|Any CPU.ActiveCfg = Debug|Any CPU
		{76b5a940-e855-a48d-3b0a-aa2d9ea6e9a5}.Debug|Any CPU.Build.0 = Debug|Any CPU
		{101794ce-3295-4fc6-9929-009fdc35ee5d}.Debug|Any CPU.ActiveCfg = Debug|Any CPU
		{101794ce-3295-4fc6-9929-009fdc35ee5d}.Debug|Any CPU.Build.0 = Debug|Any CPU
		{09159761-1cd5-ed9d-6a8e-d32e5e7d79a2}.Debug|Any CPU.ActiveCfg = Debug|Any CPU
		{09159761-1cd5-ed9d-6a8e-d32e5e7d79a2}.Debug|Any CPU.Build.0 = Debug|Any CPU
		{b7698752-4599-40cc-6dce-99ea8b9b138e}.Debug|Any CPU.ActiveCfg = Debug|Any CPU
		{b7698752-4599-40cc-6dce-99ea8b9b138e}.Debug|Any CPU.Build.0 = Debug|Any CPU
		{1fd92f4e-f5a0-8f95-e9ff-2dc55ecce1ee}.Debug|Any CPU.ActiveCfg = Debug|Any CPU
		{1fd92f4e-f5a0-8f95-e9ff-2dc55ecce1ee}.Debug|Any CPU.Build.0 = Debug|Any CPU
		{855f1679-a504-99cf-0a12-b695e4867270}.Debug|Any CPU.ActiveCfg = Debug|Any CPU
		{855f1679-a504-99cf-0a12-b695e4867270}.Debug|Any CPU.Build.0 = Debug|Any CPU
		{2c9c9c4c-7348-9e44-2bd1-82cc13255841}.Debug|Any CPU.ActiveCfg = Debug|Any CPU
		{2c9c9c4c-7348-9e44-2bd1-82cc13255841}.Debug|Any CPU.Build.0 = Debug|Any CPU
		{b49d7349-0051-25e8-207c-31afcc4dbdf5}.Debug|Any CPU.ActiveCfg = Debug|Any CPU
		{b49d7349-0051-25e8-207c-31afcc4dbdf5}.Debug|Any CPU.Build.0 = Debug|Any CPU
		{a18bae49-5a0b-11b6-8ac5-729f276e6ca6}.Debug|Any CPU.ActiveCfg = Debug|Any CPU
		{a18bae49-5a0b-11b6-8ac5-729f276e6ca6}.Debug|Any CPU.Build.0 = Debug|Any CPU
		{4039db95-2336-a9ae-f07a-75cd8a3bff68}.Debug|Any CPU.ActiveCfg = Debug|Any CPU
		{4039db95-2336-a9ae-f07a-75cd8a3bff68}.Debug|Any CPU.Build.0 = Debug|Any CPU
		{fc8aa86d-6517-874a-0a11-3f5e120b556b}.Debug|Any CPU.ActiveCfg = Debug|Any CPU
		{fc8aa86d-6517-874a-0a11-3f5e120b556b}.Debug|Any CPU.Build.0 = Debug|Any CPU
		{2c28711c-0ebd-8fbd-ff10-c5f005bb5efb}.Debug|Any CPU.ActiveCfg = Debug|Any CPU
		{2c28711c-0ebd-8fbd-ff10-c5f005bb5efb}.Debug|Any CPU.Build.0 = Debug|Any CPU
		{cb87dd55-d9d1-b8d4-5b0b-902f6612d496}.Debug|Any CPU.ActiveCfg = Debug|Any CPU
		{cb87dd55-d9d1-b8d4-5b0b-902f6612d496}.Debug|Any CPU.Build.0 = Debug|Any CPU
		{98c77608-0dca-ff1d-a9ec-b3b3b05d050d}.Debug|Any CPU.ActiveCfg = Debug|Any CPU
		{98c77608-0dca-ff1d-a9ec-b3b3b05d050d}.Debug|Any CPU.Build.0 = Debug|Any CPU
		{166381a4-e91e-f511-c097-58f542f0b991}.Debug|Any CPU.ActiveCfg = Debug|Any CPU
		{166381a4-e91e-f511-c097-58f542f0b991}.Debug|Any CPU.Build.0 = Debug|Any CPU
		{873b6fa6-adb2-9cab-0630-eabe71f4e211}.Debug|Any CPU.ActiveCfg = Debug|Any CPU
		{873b6fa6-adb2-9cab-0630-eabe71f4e211}.Debug|Any CPU.Build.0 = Debug|Any CPU
	EndGlobalSection
	GlobalSection(SolutionProperties) = preSolution
		HideSolutionNode = FALSE
	EndGlobalSection
EndGlobal
